
Microsoft Visual Studio Solution File, Format Version 12.00
# Visual Studio 15
Project("{FAE04EC0-301F-11D3-BF4B-00C04F79EFBC}") = "Assembly-CSharp", "Assembly-CSharp.csproj", "{F923429F-18B4-C430-B58A-8A96C3D13D77}"
EndProject
Project("{FAE04EC0-301F-11D3-BF4B-00C04F79EFBC}") = "Assembly-CSharp-Editor", "Assembly-CSharp-Editor.csproj", "{785813E8-E6E0-BC49-9C72-75DE649FDC5D}"
EndProject
Global
	GlobalSection(SolutionConfigurationPlatforms) = preSolution
		Debug|Any CPU = Debug|Any CPU
		Release|Any CPU = Release|Any CPU
	EndGlobalSection
	GlobalSection(ProjectConfigurationPlatforms) = postSolution
		{F923429F-18B4-C430-B58A-8A96C3D13D77}.Debug|Any CPU.ActiveCfg = Debug|Any CPU
		{F923429F-18B4-C430-B58A-8A96C3D13D77}.Debug|Any CPU.Build.0 = Debug|Any CPU
		{F923429F-18B4-C430-B58A-8A96C3D13D77}.Release|Any CPU.ActiveCfg = Release|Any CPU
		{F923429F-18B4-C430-B58A-8A96C3D13D77}.Release|Any CPU.Build.0 = Release|Any CPU
		{785813E8-E6E0-BC49-9C72-75DE649FDC5D}.Debug|Any CPU.ActiveCfg = Debug|Any CPU
		{785813E8-E6E0-BC49-9C72-75DE649FDC5D}.Debug|Any CPU.Build.0 = Debug|Any CPU
		{785813E8-E6E0-BC49-9C72-75DE649FDC5D}.Release|Any CPU.ActiveCfg = Release|Any CPU
		{785813E8-E6E0-BC49-9C72-75DE649FDC5D}.Release|Any CPU.Build.0 = Release|Any CPU
	EndGlobalSection
	GlobalSection(SolutionProperties) = preSolution
		HideSolutionNode = FALSE
	EndGlobalSection
EndGlobal
